<?xml version="1.0" encoding="utf-8"?>
<Project ToolsVersion="4.0" xmlns="http://schemas.microsoft.com/developer/msbuild/2003">
  <ItemGroup>
    <Filter Include="Quelldateien">
      <UniqueIdentifier>{4FC737F1-C7A5-4376-A066-2A32D752A2FF}</UniqueIdentifier>
      <Extensions>cpp;c;cc;cxx;def;odl;idl;hpj;bat;asm;asmx</Extensions>
    </Filter>
    <Filter Include="Headerdateien">
      <UniqueIdentifier>{93995380-89BD-4b04-88EB-625FBE52EBFB}</UniqueIdentifier>
      <Extensions>h;hpp;hxx;hm;inl;inc;xsd</Extensions>
    </Filter>
  </ItemGroup>
  <ItemGroup>
    <ClCompile Include="Shaback.cpp">
      <Filter>Quelldateien</Filter>
    </ClCompile>
    <ClCompile Include="BackupRun.cpp">
      <Filter>Quelldateien</Filter>
    </ClCompile>
    <ClCompile Include="Cache.cpp">
      <Filter>Quelldateien</Filter>
    </ClCompile>
    <ClCompile Include="DeflateInputStream.cpp">
      <Filter>Quelldateien</Filter>
    </ClCompile>
    <ClCompile Include="DeflateOutputStream.cpp">
      <Filter>Quelldateien</Filter>
    </ClCompile>
    <ClCompile Include="Exception.cpp">
      <Filter>Quelldateien</Filter>
    </ClCompile>
    <ClCompile Include="File.cpp">
      <Filter>Quelldateien</Filter>
    </ClCompile>
    <ClCompile Include="FileInputStream.cpp">
      <Filter>Quelldateien</Filter>
    </ClCompile>
    <ClCompile Include="FileOutputStream.cpp">
      <Filter>Quelldateien</Filter>
    </ClCompile>
    <ClCompile Include="InputStream.cpp">
      <Filter>Quelldateien</Filter>
    </ClCompile>
    <ClCompile Include="main.cpp">
      <Filter>Quelldateien</Filter>
    </ClCompile>
    <ClCompile Include="OutputStream.cpp">
      <Filter>Quelldateien</Filter>
    </ClCompile>
    <ClCompile Include="Repository.cpp">
      <Filter>Quelldateien</Filter>
    </ClCompile>
    <ClCompile Include="RuntimeConfig.cpp">
      <Filter>Quelldateien</Filter>
    </ClCompile>
    <ClCompile Include="Sha1.cpp">
      <Filter>Quelldateien</Filter>
    </ClCompile>
    <ClCompile Include="ShabackOutputStream.cpp">
      <Filter>Quelldateien</Filter>
    </ClCompile>
    <ClCompile Include="StandardInputStream.cpp">
      <Filter>Quelldateien</Filter>
    </ClCompile>
    <ClCompile Include="StandardOutputStream.cpp">
      <Filter>Quelldateien</Filter>
    </ClCompile>
    <ClCompile Include="XGetopt.cpp">
      <Filter>Quelldateien</Filter>
    </ClCompile>
  </ItemGroup>
  <ItemGroup>
    <ClInclude Include="StandardOutputStream.h">
      <Filter>Headerdateien</Filter>
    </ClInclude>
    <ClInclude Include="BackupRun.h">
      <Filter>Headerdateien</Filter>
    </ClInclude>
    <ClInclude Include="Cache.h">
      <Filter>Headerdateien</Filter>
    </ClInclude>
    <ClInclude Include="DeflateInputStream.h">
      <Filter>Headerdateien</Filter>
    </ClInclude>
    <ClInclude Include="DeflateOutputStream.h">
      <Filter>Headerdateien</Filter>
    </ClInclude>
    <ClInclude Include="Digest.h">
      <Filter>Headerdateien</Filter>
    </ClInclude>
    <ClInclude Include="Exception.h">
      <Filter>Headerdateien</Filter>
    </ClInclude>
    <ClInclude Include="File.h">
      <Filter>Headerdateien</Filter>
    </ClInclude>
    <ClInclude Include="FileInputStream.h">
      <Filter>Headerdateien</Filter>
    </ClInclude>
    <ClInclude Include="FileOutputStream.h">
      <Filter>Headerdateien</Filter>
    </ClInclude>
    <ClInclude Include="InputStream.h">
      <Filter>Headerdateien</Filter>
    </ClInclude>
    <ClInclude Include="OutputStream.h">
      <Filter>Headerdateien</Filter>
    </ClInclude>
    <ClInclude Include="Repository.h">
      <Filter>Headerdateien</Filter>
    </ClInclude>
    <ClInclude Include="RuntimeConfig.h">
      <Filter>Headerdateien</Filter>
    </ClInclude>
    <ClInclude Include="Sha1.h">
      <Filter>Headerdateien</Filter>
    </ClInclude>
    <ClInclude Include="shaback.h">
      <Filter>Headerdateien</Filter>
    </ClInclude>
    <ClInclude Include="ShabackOutputStream.h">
      <Filter>Headerdateien</Filter>
    </ClInclude>
    <ClInclude Include="StandardInputStream.h">
      <Filter>Headerdateien</Filter>
    </ClInclude>
    <ClInclude Include="XGetopt.h">
      <Filter>Headerdateien</Filter>
    </ClInclude>
  </ItemGroup>
  <ItemGroup>
    <Library Include="..\..\..\..\..\Programme\GnuWin32\lib\zlib.lib" />
    <Library Include="..\..\..\..\..\Programme\GnuWin32\lib\libgdbm.lib" />
    <Library Include="..\..\..\..\..\Programme\Lua\5.1\lib\lua51.lib" />
    <Library Include="..\..\..\..\..\Programme\OpenSSL-Win32\lib\VC\libeay32MD.lib" />
  </ItemGroup>
</Project>